
Microsoft Visual Studio Solution File, Format Version 12.00
# Visual Studio 2012
Project("{FAE04EC0-301F-11D3-BF4B-00C04F79EFBC}") = "StringResourcesAddIn", "StringResourcesAddIn.csproj", "{34B4EF0C-AB3E-419A-A2C2-DFBA1083770C}"
EndProject
Global
	GlobalSection(SolutionConfigurationPlatforms) = preSolution
		Debug|Any CPU = Debug|Any CPU
		Release|Any CPU = Release|Any CPU
	EndGlobalSection
	GlobalSection(ProjectConfigurationPlatforms) = postSolution
		{34B4EF0C-AB3E-419A-A2C2-DFBA1083770C}.Debug|Any CPU.ActiveCfg = Debug|Any CPU
		{34B4EF0C-AB3E-419A-A2C2-DFBA1083770C}.Debug|Any CPU.Build.0 = Debug|Any CPU
		{34B4EF0C-AB3E-419A-A2C2-DFBA1083770C}.Release|Any CPU.ActiveCfg = Release|Any CPU
		{34B4EF0C-AB3E-419A-A2C2-DFBA1083770C}.Release|Any CPU.Build.0 = Release|Any CPU
	EndGlobalSection
EndGlobal
